
Microsoft Visual Studio Solution File, Format Version 12.00
# Visual Studio Version 16
VisualStudioVersion = 16.0.31321.278
MinimumVisualStudioVersion = 10.0.40219.1
Project("{F184B08F-C81C-45F6-A57F-5ABD9991F28F}") = "MovieCritique", "MovieCritique.vbproj", "{C3121E10-8427-463B-B9D1-0DBD26C8C5BF}"
EndProject
Global
	GlobalSection(SolutionConfigurationPlatforms) = preSolution
		Debug|Any CPU = Debug|Any CPU
		Release|Any CPU = Release|Any CPU
	EndGlobalSection
	GlobalSection(ProjectConfigurationPlatforms) = postSolution
		{C3121E10-8427-463B-B9D1-0DBD26C8C5BF}.Debug|Any CPU.ActiveCfg = Debug|Any CPU
		{C3121E10-8427-463B-B9D1-0DBD26C8C5BF}.Debug|Any CPU.Build.0 = Debug|Any CPU
		{C3121E10-8427-463B-B9D1-0DBD26C8C5BF}.Release|Any CPU.ActiveCfg = Release|Any CPU
		{C3121E10-8427-463B-B9D1-0DBD26C8C5BF}.Release|Any CPU.Build.0 = Release|Any CPU
	EndGlobalSection
	GlobalSection(SolutionProperties) = preSolution
		HideSolutionNode = FALSE
	EndGlobalSection
	GlobalSection(ExtensibilityGlobals) = postSolution
		SolutionGuid = {5D0912C5-E36C-4208-8723-197FE11CB632}
	EndGlobalSection
EndGlobal
